// !$*UTF8*$!
{
	archiveVersion = 1;
	classes = {
	};
	objectVersion = 55;
	objects = {

/* Begin PBXBuildFile section */
		603CA6BE351A19973E1621D1 /* Pods_ScholarshipDemo2.framework in Frameworks */ = {isa = PBXBuildFile; fileRef = 94A6567CB89C2113AB9BB659 /* Pods_ScholarshipDemo2.framework */; };
		77E6FBB4284F6223007342C6 /* ScholarshipDemo2App.swift in Sources */ = {isa = PBXBuildFile; fileRef = 77E6FBB3284F6223007342C6 /* ScholarshipDemo2App.swift */; };
		77E6FBB6284F6223007342C6 /* ContentView.swift in Sources */ = {isa = PBXBuildFile; fileRef = 77E6FBB5284F6223007342C6 /* ContentView.swift */; };
		77E6FBB8284F6225007342C6 /* Assets.xcassets in Resources */ = {isa = PBXBuildFile; fileRef = 77E6FBB7284F6225007342C6 /* Assets.xcassets */; };
		77E6FBBB284F6225007342C6 /* Preview Assets.xcassets in Resources */ = {isa = PBXBuildFile; fileRef = 77E6FBBA284F6225007342C6 /* Preview Assets.xcassets */; };
		77E6FBC2284F63EA007342C6 /* Article.swift in Sources */ = {isa = PBXBuildFile; fileRef = 77E6FBC1284F63EA007342C6 /* Article.swift */; };
		77E6FBC5284F6414007342C6 /* ArticleCell.swift in Sources */ = {isa = PBXBuildFile; fileRef = 77E6FBC4284F6414007342C6 /* ArticleCell.swift */; };
		77E6FBC7284F6429007342C6 /* ArticleListView.swift in Sources */ = {isa = PBXBuildFile; fileRef = 77E6FBC6284F6429007342C6 /* ArticleListView.swift */; };
		77E6FBC9284F643D007342C6 /* DataService.swift in Sources */ = {isa = PBXBuildFile; fileRef = 77E6FBC8284F643D007342C6 /* DataService.swift */; };
		77E6FBCB284F644F007342C6 /* Data+Extensions.swift in Sources */ = {isa = PBXBuildFile; fileRef = 77E6FBCA284F644F007342C6 /* Data+Extensions.swift */; };
		77E6FBCD284F6466007342C6 /* DataFormatter+Extensions.swift in Sources */ = {isa = PBXBuildFile; fileRef = 77E6FBCC284F6466007342C6 /* DataFormatter+Extensions.swift */; };
/* End PBXBuildFile section */

/* Begin PBXFileReference section */
		4466982F160822948429EFDB /* Pods-ScholarshipDemo2.release.xcconfig */ = {isa = PBXFileReference; includeInIndex = 1; lastKnownFileType = text.xcconfig; name = "Pods-ScholarshipDemo2.release.xcconfig"; path = "Target Support Files/Pods-ScholarshipDemo2/Pods-ScholarshipDemo2.release.xcconfig"; sourceTree = "<group>"; };
		77E6FBB0284F6223007342C6 /* ScholarshipDemo2.app */ = {isa = PBXFileReference; explicitFileType = wrapper.application; includeInIndex = 0; path = ScholarshipDemo2.app; sourceTree = BUILT_PRODUCTS_DIR; };
		77E6FBB3284F6223007342C6 /* ScholarshipDemo2App.swift */ = {isa = PBXFileReference; lastKnownFileType = sourcecode.swift; path = ScholarshipDemo2App.swift; sourceTree = "<group>"; };
		77E6FBB5284F6223007342C6 /* ContentView.swift */ = {isa = PBXFileReference; lastKnownFileType = sourcecode.swift; path = ContentView.swift; sourceTree = "<group>"; };
		77E6FBB7284F6225007342C6 /* Assets.xcassets */ = {isa = PBXFileReference; lastKnownFileType = folder.assetcatalog; path = Assets.xcassets; sourceTree = "<group>"; };
		77E6FBBA284F6225007342C6 /* Preview Assets.xcassets */ = {isa = PBXFileReference; lastKnownFileType = folder.assetcatalog; path = "Preview Assets.xcassets"; sourceTree = "<group>"; };
		77E6FBC1284F63EA007342C6 /* Article.swift */ = {isa = PBXFileReference; lastKnownFileType = sourcecode.swift; path = Article.swift; sourceTree = "<group>"; };
		77E6FBC4284F6414007342C6 /* ArticleCell.swift */ = {isa = PBXFileReference; lastKnownFileType = sourcecode.swift; path = ArticleCell.swift; sourceTree = "<group>"; };
		77E6FBC6284F6429007342C6 /* ArticleListView.swift */ = {isa = PBXFileReference; lastKnownFileType = sourcecode.swift; path = ArticleListView.swift; sourceTree = "<group>"; };
		77E6FBC8284F643D007342C6 /* DataService.swift */ = {isa = PBXFileReference; lastKnownFileType = sourcecode.swift; path = DataService.swift; sourceTree = "<group>"; };
		77E6FBCA284F644F007342C6 /* Data+Extensions.swift */ = {isa = PBXFileReference; lastKnownFileType = sourcecode.swift; path = "Data+Extensions.swift"; sourceTree = "<group>"; };
		77E6FBCC284F6466007342C6 /* DataFormatter+Extensions.swift */ = {isa = PBXFileReference; lastKnownFileType = sourcecode.swift; path = "DataFormatter+Extensions.swift"; sourceTree = "<group>"; };
		94A6567CB89C2113AB9BB659 /* Pods_ScholarshipDemo2.framework */ = {isa = PBXFileReference; explicitFileType = wrapper.framework; includeInIndex = 0; path = Pods_ScholarshipDemo2.framework; sourceTree = BUILT_PRODUCTS_DIR; };
		CAEB1E3DDDE9EB787433F06C /* Pods-ScholarshipDemo2.debug.xcconfig */ = {isa = PBXFileReference; includeInIndex = 1; lastKnownFileType = text.xcconfig; name = "Pods-ScholarshipDemo2.debug.xcconfig"; path = "Target Support Files/Pods-ScholarshipDemo2/Pods-ScholarshipDemo2.debug.xcconfig"; sourceTree = "<group>"; };
/* End PBXFileReference section */

/* Begin PBXFrameworksBuildPhase section */
		77E6FBAD284F6223007342C6 /* Frameworks */ = {
			isa = PBXFrameworksBuildPhase;
			buildActionMask = 2147483647;
			files = (
				603CA6BE351A19973E1621D1 /* Pods_ScholarshipDemo2.framework in Frameworks */,
			);
			runOnlyForDeploymentPostprocessing = 0;
		};
/* End PBXFrameworksBuildPhase section */

/* Begin PBXGroup section */
		77E6FBA7284F6223007342C6 = {
			isa = PBXGroup;
			children = (
				77E6FBB2284F6223007342C6 /* ScholarshipDemo2 */,
				77E6FBB1284F6223007342C6 /* Products */,
				B725AA503AFB39830B60C562 /* Pods */,
				EA6E56F39BEDAC98B1233D98 /* Frameworks */,
			);
			sourceTree = "<group>";
		};
		77E6FBB1284F6223007342C6 /* Products */ = {
			isa = PBXGroup;
			children = (
				77E6FBB0284F6223007342C6 /* ScholarshipDemo2.app */,
			);
			name = Products;
			sourceTree = "<group>";
		};
		77E6FBB2284F6223007342C6 /* ScholarshipDemo2 */ = {
			isa = PBXGroup;
			children = (
				77E6FBB3284F6223007342C6 /* ScholarshipDemo2App.swift */,
				77E6FBB5284F6223007342C6 /* ContentView.swift */,
				77E6FBC3284F63F2007342C6 /* Articles */,
				77E6FBB7284F6225007342C6 /* Assets.xcassets */,
				77E6FBB9284F6225007342C6 /* Preview Content */,
			);
			path = ScholarshipDemo2;
			sourceTree = "<group>";
		};
		77E6FBB9284F6225007342C6 /* Preview Content */ = {
			isa = PBXGroup;
			children = (
				77E6FBBA284F6225007342C6 /* Preview Assets.xcassets */,
			);
			path = "Preview Content";
			sourceTree = "<group>";
		};
		77E6FBC3284F63F2007342C6 /* Articles */ = {
			isa = PBXGroup;
			children = (
				77E6FBC4284F6414007342C6 /* ArticleCell.swift */,
				77E6FBC6284F6429007342C6 /* ArticleListView.swift */,
				77E6FBC8284F643D007342C6 /* DataService.swift */,
				77E6FBC1284F63EA007342C6 /* Article.swift */,
				77E6FBCC284F6466007342C6 /* DataFormatter+Extensions.swift */,
				77E6FBCA284F644F007342C6 /* Data+Extensions.swift */,
			);
			path = Articles;
			sourceTree = "<group>";
		};
		B725AA503AFB39830B60C562 /* Pods */ = {
			isa = PBXGroup;
			children = (
				CAEB1E3DDDE9EB787433F06C /* Pods-ScholarshipDemo2.debug.xcconfig */,
				4466982F160822948429EFDB /* Pods-ScholarshipDemo2.release.xcconfig */,
			);
			path = Pods;
			sourceTree = "<group>";
		};
		EA6E56F39BEDAC98B1233D98 /* Frameworks */ = {
			isa = PBXGroup;
			children = (
				94A6567CB89C2113AB9BB659 /* Pods_ScholarshipDemo2.framework */,
			);
			name = Frameworks;
			sourceTree = "<group>";
		};
/* End PBXGroup section */

/* Begin PBXNativeTarget section */
		77E6FBAF284F6223007342C6 /* ScholarshipDemo2 */ = {
			isa = PBXNativeTarget;
			buildConfigurationList = 77E6FBBE284F6225007342C6 /* Build configuration list for PBXNativeTarget "ScholarshipDemo2" */;
			buildPhases = (
				D6BC31B8133B7F822C117CD9 /* [CP] Check Pods Manifest.lock */,
				77E6FBAC284F6223007342C6 /* Sources */,
				77E6FBAD284F6223007342C6 /* Frameworks */,
				77E6FBAE284F6223007342C6 /* Resources */,
				C978C8F93D38B35CD4598206 /* [CP] Embed Pods Frameworks */,
			);
			buildRules = (
			);
			dependencies = (
			);
			name = ScholarshipDemo2;
			productName = ScholarshipDemo2;
			productReference = 77E6FBB0284F6223007342C6 /* ScholarshipDemo2.app */;
			productType = "com.apple.product-type.application";
		};
/* End PBXNativeTarget section */

/* Begin PBXProject section */
		77E6FBA8284F6223007342C6 /* Project object */ = {
			isa = PBXProject;
			attributes = {
				BuildIndependentTargetsInParallel = 1;
				LastSwiftUpdateCheck = 1330;
				LastUpgradeCheck = 1330;
				TargetAttributes = {
					77E6FBAF284F6223007342C6 = {
						CreatedOnToolsVersion = 13.3;
					};
				};
			};
			buildConfigurationList = 77E6FBAB284F6223007342C6 /* Build configuration list for PBXProject "ScholarshipDemo2" */;
			compatibilityVersion = "Xcode 13.0";
			developmentRegion = en;
			hasScannedForEncodings = 0;
			knownRegions = (
				en,
				Base,
			);
			mainGroup = 77E6FBA7284F6223007342C6;
			productRefGroup = 77E6FBB1284F6223007342C6 /* Products */;
			projectDirPath = "";
			projectRoot = "";
			targets = (
				77E6FBAF284F6223007342C6 /* ScholarshipDemo2 */,
			);
		};
/* End PBXProject section */

/* Begin PBXResourcesBuildPhase section */
		77E6FBAE284F6223007342C6 /* Resources */ = {
			isa = PBXResourcesBuildPhase;
			buildActionMask = 2147483647;
			files = (
				77E6FBBB284F6225007342C6 /* Preview Assets.xcassets in Resources */,
				77E6FBB8284F6225007342C6 /* Assets.xcassets in Resources */,
			);
			runOnlyForDeploymentPostprocessing = 0;
		};
/* End PBXResourcesBuildPhase section */

/* Begin PBXShellScriptBuildPhase section */
		C978C8F93D38B35CD4598206 /* [CP] Embed Pods Frameworks */ = {
			isa = PBXShellScriptBuildPhase;
			buildActionMask = 2147483647;
			files = (
			);
			inputFileListPaths = (
				"${PODS_ROOT}/Target Support Files/Pods-ScholarshipDemo2/Pods-ScholarshipDemo2-frameworks-${CONFIGURATION}-input-files.xcfilelist",
			);
			name = "[CP] Embed Pods Frameworks";
			outputFileListPaths = (
				"${PODS_ROOT}/Target Support Files/Pods-ScholarshipDemo2/Pods-ScholarshipDemo2-frameworks-${CONFIGURATION}-output-files.xcfilelist",
			);
			runOnlyForDeploymentPostprocessing = 0;
			shellPath = /bin/sh;
			shellScript = "\"${PODS_ROOT}/Target Support Files/Pods-ScholarshipDemo2/Pods-ScholarshipDemo2-frameworks.sh\"\n";
			showEnvVarsInLog = 0;
		};
		D6BC31B8133B7F822C117CD9 /* [CP] Check Pods Manifest.lock */ = {
			isa = PBXShellScriptBuildPhase;
			buildActionMask = 2147483647;
			files = (
			);
			inputFileListPaths = (
			);
			inputPaths = (
				"${PODS_PODFILE_DIR_PATH}/Podfile.lock",
				"${PODS_ROOT}/Manifest.lock",
			);
			name = "[CP] Check Pods Manifest.lock";
			outputFileListPaths = (
			);
			outputPaths = (
				"$(DERIVED_FILE_DIR)/Pods-ScholarshipDemo2-checkManifestLockResult.txt",
			);
			runOnlyForDeploymentPostprocessing = 0;
			shellPath = /bin/sh;
			shellScript = "diff \"${PODS_PODFILE_DIR_PATH}/Podfile.lock\" \"${PODS_ROOT}/Manifest.lock\" > /dev/null\nif [ $? != 0 ] ; then\n    # print error to STDERR\n    echo \"error: The sandbox is not in sync with the Podfile.lock. Run 'pod install' or update your CocoaPods installation.\" >&2\n    exit 1\nfi\n# This output is used by Xcode 'outputs' to avoid re-running this script phase.\necho \"SUCCESS\" > \"${SCRIPT_OUTPUT_FILE_0}\"\n";
			showEnvVarsInLog = 0;
		};
/* End PBXShellScriptBuildPhase section */

/* Begin PBXSourcesBuildPhase section */
		77E6FBAC284F6223007342C6 /* Sources */ = {
			isa = PBXSourcesBuildPhase;
			buildActionMask = 2147483647;
			files = (
				77E6FBC5284F6414007342C6 /* ArticleCell.swift in Sources */,
				77E6FBCB284F644F007342C6 /* Data+Extensions.swift in Sources */,
				77E6FBC7284F6429007342C6 /* ArticleListView.swift in Sources */,
				77E6FBB6284F6223007342C6 /* ContentView.swift in Sources */,
				77E6FBC9284F643D007342C6 /* DataService.swift in Sources */,
				77E6FBB4284F6223007342C6 /* ScholarshipDemo2App.swift in Sources */,
				77E6FBCD284F6466007342C6 /* DataFormatter+Extensions.swift in Sources */,
				77E6FBC2284F63EA007342C6 /* Article.swift in Sources */,
			);
			runOnlyForDeploymentPostprocessing = 0;
		};
/* End PBXSourcesBuildPhase section */

/* Begin XCBuildConfiguration section */
		77E6FBBC284F6225007342C6 /* Debug */ = {
			isa = XCBuildConfiguration;
			buildSettings = {
				ALWAYS_SEARCH_USER_PATHS = NO;
				CLANG_ANALYZER_NONNULL = YES;
				CLANG_ANALYZER_NUMBER_OBJECT_CONVERSION = YES_AGGRESSIVE;
				CLANG_CXX_LANGUAGE_STANDARD = "gnu++17";
				CLANG_ENABLE_MODULES = YES;
				CLANG_ENABLE_OBJC_ARC = YES;
				CLANG_ENABLE_OBJC_WEAK = YES;
				CLANG_WARN_BLOCK_CAPTURE_AUTORELEASING = YES;
				CLANG_WARN_BOOL_CONVERSION = YES;
				CLANG_WARN_COMMA = YES;
				CLANG_WARN_CONSTANT_CONVERSION = YES;
				CLANG_WARN_DEPRECATED_OBJC_IMPLEMENTATIONS = YES;
				CLANG_WARN_DIRECT_OBJC_ISA_USAGE = YES_ERROR;
				CLANG_WARN_DOCUMENTATION_COMMENTS = YES;
				CLANG_WARN_EMPTY_BODY = YES;
				CLANG_WARN_ENUM_CONVERSION = YES;
				CLANG_WARN_INFINITE_RECURSION = YES;
				CLANG_WARN_INT_CONVERSION = YES;
				CLANG_WARN_NON_LITERAL_NULL_CONVERSION = YES;
				CLANG_WARN_OBJC_IMPLICIT_RETAIN_SELF = YES;
				CLANG_WARN_OBJC_LITERAL_CONVERSION = YES;
				CLANG_WARN_OBJC_ROOT_CLASS = YES_ERROR;
				CLANG_WARN_QUOTED_INCLUDE_IN_FRAMEWORK_HEADER = YES;
				CLANG_WARN_RANGE_LOOP_ANALYSIS = YES;
				CLANG_WARN_STRICT_PROTOTYPES = YES;
				CLANG_WARN_SUSPICIOUS_MOVE = YES;
				CLANG_WARN_UNGUARDED_AVAILABILITY = YES_AGGRESSIVE;
				CLANG_WARN_UNREACHABLE_CODE = YES;
				CLANG_WARN__DUPLICATE_METHOD_MATCH = YES;
				COPY_PHASE_STRIP = NO;
				DEBUG_INFORMATION_FORMAT = dwarf;
				ENABLE_STRICT_OBJC_MSGSEND = YES;
				ENABLE_TESTABILITY = YES;
				GCC_C_LANGUAGE_STANDARD = gnu11;
				GCC_DYNAMIC_NO_PIC = NO;
				GCC_NO_COMMON_BLOCKS = YES;
				GCC_OPTIMIZATION_LEVEL = 0;
				GCC_PREPROCESSOR_DEFINITIONS = (
					"DEBUG=1",
					"$(inherited)",
				);
				GCC_WARN_64_TO_32_BIT_CONVERSION = YES;
				GCC_WARN_ABOUT_RETURN_TYPE = YES_ERROR;
				GCC_WARN_UNDECLARED_SELECTOR = YES;
				GCC_WARN_UNINITIALIZED_AUTOS = YES_AGGRESSIVE;
				GCC_WARN_UNUSED_FUNCTION = YES;
				GCC_WARN_UNUSED_VARIABLE = YES;
				IPHONEOS_DEPLOYMENT_TARGET = 15.4;
				MTL_ENABLE_DEBUG_INFO = INCLUDE_SOURCE;
				MTL_FAST_MATH = YES;
				ONLY_ACTIVE_ARCH = YES;
				SDKROOT = iphoneos;
				SWIFT_ACTIVE_COMPILATION_CONDITIONS = DEBUG;
				SWIFT_OPTIMIZATION_LEVEL = "-Onone";
			};
			name = Debug;
		};
		77E6FBBD284F6225007342C6 /* Release */ = {
			isa = XCBuildConfiguration;
			buildSettings = {
				ALWAYS_SEARCH_USER_PATHS = NO;
				CLANG_ANALYZER_NONNULL = YES;
				CLANG_ANALYZER_NUMBER_OBJECT_CONVERSION = YES_AGGRESSIVE;
				CLANG_CXX_LANGUAGE_STANDARD = "gnu++17";
				CLANG_ENABLE_MODULES = YES;
				CLANG_ENABLE_OBJC_ARC = YES;
				CLANG_ENABLE_OBJC_WEAK = YES;
				CLANG_WARN_BLOCK_CAPTURE_AUTORELEASING = YES;
				CLANG_WARN_BOOL_CONVERSION = YES;
				CLANG_WARN_COMMA = YES;
				CLANG_WARN_CONSTANT_CONVERSION = YES;
				CLANG_WARN_DEPRECATED_OBJC_IMPLEMENTATIONS = YES;
				CLANG_WARN_DIRECT_OBJC_ISA_USAGE = YES_ERROR;
				CLANG_WARN_DOCUMENTATION_COMMENTS = YES;
				CLANG_WARN_EMPTY_BODY = YES;
				CLANG_WARN_ENUM_CONVERSION = YES;
				CLANG_WARN_INFINITE_RECURSION = YES;
				CLANG_WARN_INT_CONVERSION = YES;
				CLANG_WARN_NON_LITERAL_NULL_CONVERSION = YES;
				CLANG_WARN_OBJC_IMPLICIT_RETAIN_SELF = YES;
				CLANG_WARN_OBJC_LITERAL_CONVERSION = YES;
				CLANG_WARN_OBJC_ROOT_CLASS = YES_ERROR;
				CLANG_WARN_QUOTED_INCLUDE_IN_FRAMEWORK_HEADER = YES;
				CLANG_WARN_RANGE_LOOP_ANALYSIS = YES;
				CLANG_WARN_STRICT_PROTOTYPES = YES;
				CLANG_WARN_SUSPICIOUS_MOVE = YES;
				CLANG_WARN_UNGUARDED_AVAILABILITY = YES_AGGRESSIVE;
				CLANG_WARN_UNREACHABLE_CODE = YES;
				CLANG_WARN__DUPLICATE_METHOD_MATCH = YES;
				COPY_PHASE_STRIP = NO;
				DEBUG_INFORMATION_FORMAT = "dwarf-with-dsym";
				ENABLE_NS_ASSERTIONS = NO;
				ENABLE_STRICT_OBJC_MSGSEND = YES;
				GCC_C_LANGUAGE_STANDARD = gnu11;
				GCC_NO_COMMON_BLOCKS = YES;
				GCC_WARN_64_TO_32_BIT_CONVERSION = YES;
				GCC_WARN_ABOUT_RETURN_TYPE = YES_ERROR;
				GCC_WARN_UNDECLARED_SELECTOR = YES;
				GCC_WARN_UNINITIALIZED_AUTOS = YES_AGGRESSIVE;
				GCC_WARN_UNUSED_FUNCTION = YES;
				GCC_WARN_UNUSED_VARIABLE = YES;
				IPHONEOS_DEPLOYMENT_TARGET = 15.4;
				MTL_ENABLE_DEBUG_INFO = NO;
				MTL_FAST_MATH = YES;
				SDKROOT = iphoneos;
				SWIFT_COMPILATION_MODE = wholemodule;
				SWIFT_OPTIMIZATION_LEVEL = "-O";
				VALIDATE_PRODUCT = YES;
			};
			name = Release;
		};
		77E6FBBF284F6225007342C6 /* Debug */ = {
			isa = XCBuildConfiguration;
			baseConfigurationReference = CAEB1E3DDDE9EB787433F06C /* Pods-ScholarshipDemo2.debug.xcconfig */;
			buildSettings = {
				ASSETCATALOG_COMPILER_APPICON_NAME = AppIcon;
				ASSETCATALOG_COMPILER_GLOBAL_ACCENT_COLOR_NAME = AccentColor;
				CODE_SIGN_STYLE = Automatic;
				CURRENT_PROJECT_VERSION = 1;
				DEVELOPMENT_ASSET_PATHS = "\"ScholarshipDemo2/Preview Content\"";
				DEVELOPMENT_TEAM = G88S43GJPG;
				ENABLE_PREVIEWS = YES;
				GENERATE_INFOPLIST_FILE = YES;
				INFOPLIST_KEY_UIApplicationSceneManifest_Generation = YES;
				INFOPLIST_KEY_UIApplicationSupportsIndirectInputEvents = YES;
				INFOPLIST_KEY_UILaunchScreen_Generation = YES;
				INFOPLIST_KEY_UISupportedInterfaceOrientations_iPad = "UIInterfaceOrientationPortrait UIInterfaceOrientationPortraitUpsideDown UIInterfaceOrientationLandscapeLeft UIInterfaceOrientationLandscapeRight";
				INFOPLIST_KEY_UISupportedInterfaceOrientations_iPhone = "UIInterfaceOrientationPortrait UIInterfaceOrientationLandscapeLeft UIInterfaceOrientationLandscapeRight";
				LD_RUNPATH_SEARCH_PATHS = (
					"$(inherited)",
					"@executable_path/Frameworks",
				);
				MARKETING_VERSION = 1.0;
				PRODUCT_BUNDLE_IDENTIFIER = "com.example.apple-samplecode.ScholarshipDemo2";
				PRODUCT_NAME = "$(TARGET_NAME)";
				SWIFT_EMIT_LOC_STRINGS = YES;
				SWIFT_VERSION = 5.0;
				TARGETED_DEVICE_FAMILY = "1,2";
			};
			name = Debug;
		};
		77E6FBC0284F6225007342C6 /* Release */ = {
			isa = XCBuildConfiguration;
			baseConfigurationReference = 4466982F160822948429EFDB /* Pods-ScholarshipDemo2.release.xcconfig */;
			buildSettings = {
				ASSETCATALOG_COMPILER_APPICON_NAME = AppIcon;
				ASSETCATALOG_COMPILER_GLOBAL_ACCENT_COLOR_NAME = AccentColor;
				CODE_SIGN_STYLE = Automatic;
				CURRENT_PROJECT_VERSION = 1;
				DEVELOPMENT_ASSET_PATHS = "\"ScholarshipDemo2/Preview Content\"";
				DEVELOPMENT_TEAM = G88S43GJPG;
				ENABLE_PREVIEWS = YES;
				GENERATE_INFOPLIST_FILE = YES;
				INFOPLIST_KEY_UIApplicationSceneManifest_Generation = YES;
				INFOPLIST_KEY_UIApplicationSupportsIndirectInputEvents = YES;
				INFOPLIST_KEY_UILaunchScreen_Generation = YES;
				INFOPLIST_KEY_UISupportedInterfaceOrientations_iPad = "UIInterfaceOrientationPortrait UIInterfaceOrientationPortraitUpsideDown UIInterfaceOrientationLandscapeLeft UIInterfaceOrientationLandscapeRight";
				INFOPLIST_KEY_UISupportedInterfaceOrientations_iPhone = "UIInterfaceOrientationPortrait UIInterfaceOrientationLandscapeLeft UIInterfaceOrientationLandscapeRight";
				LD_RUNPATH_SEARCH_PATHS = (
					"$(inherited)",
					"@executable_path/Frameworks",
				);
				MARKETING_VERSION = 1.0;
				PRODUCT_BUNDLE_IDENTIFIER = "com.example.apple-samplecode.ScholarshipDemo2";
				PRODUCT_NAME = "$(TARGET_NAME)";
				SWIFT_EMIT_LOC_STRINGS = YES;
				SWIFT_VERSION = 5.0;
				TARGETED_DEVICE_FAMILY = "1,2";
			};
			name = Release;
		};
/* End XCBuildConfiguration section */

/* Begin XCConfigurationList section */
		77E6FBAB284F6223007342C6 /* Build configuration list for PBXProject "ScholarshipDemo2" */ = {
			isa = XCConfigurationList;
			buildConfigurations = (
				77E6FBBC284F6225007342C6 /* Debug */,
				77E6FBBD284F6225007342C6 /* Release */,
			);
			defaultConfigurationIsVisible = 0;
			defaultConfigurationName = Release;
		};
		77E6FBBE284F6225007342C6 /* Build configuration list for PBXNativeTarget "ScholarshipDemo2" */ = {
			isa = XCConfigurationList;
			buildConfigurations = (
				77E6FBBF284F6225007342C6 /* Debug */,
				77E6FBC0284F6225007342C6 /* Release */,
			);
			defaultConfigurationIsVisible = 0;
			defaultConfigurationName = Release;
		};
/* End XCConfigurationList section */
	};
	rootObject = 77E6FBA8284F6223007342C6 /* Project object */;
}
