// !$*UTF8*$!
{
	archiveVersion = 1;
	classes = {
	};
	objectVersion = 55;
	objects = {

/* Begin PBXBuildFile section */
		77AEB0F62831E5D100669CD4 /* icaloriesApp.swift in Sources */ = {isa = PBXBuildFile; fileRef = 77AEB0F52831E5D100669CD4 /* icaloriesApp.swift */; };
		77AEB0F82831E5D100669CD4 /* ContentView.swift in Sources */ = {isa = PBXBuildFile; fileRef = 77AEB0F72831E5D100669CD4 /* ContentView.swift */; };
		77AEB0FA2831E5D700669CD4 /* Assets.xcassets in Resources */ = {isa = PBXBuildFile; fileRef = 77AEB0F92831E5D700669CD4 /* Assets.xcassets */; };
		77AEB0FD2831E5D700669CD4 /* Preview Assets.xcassets in Resources */ = {isa = PBXBuildFile; fileRef = 77AEB0FC2831E5D700669CD4 /* Preview Assets.xcassets */; };
		77AEB1062831ECB800669CD4 /* FoodModel.xcdatamodeld in Sources */ = {isa = PBXBuildFile; fileRef = 77AEB1042831ECB800669CD4 /* FoodModel.xcdatamodeld */; };
		77AEB10A2831EFF800669CD4 /* DataController.swift in Sources */ = {isa = PBXBuildFile; fileRef = 77AEB1092831EFF800669CD4 /* DataController.swift */; };
		77AEB10F2832616200669CD4 /* AddFoodView.swift in Sources */ = {isa = PBXBuildFile; fileRef = 77AEB10E2832616200669CD4 /* AddFoodView.swift */; };
		77AEB111283266BB00669CD4 /* TimeFormatting.swift in Sources */ = {isa = PBXBuildFile; fileRef = 77AEB110283266BB00669CD4 /* TimeFormatting.swift */; };
		77AEB11328333AB900669CD4 /* EditFoodView.swift in Sources */ = {isa = PBXBuildFile; fileRef = 77AEB11228333AB900669CD4 /* EditFoodView.swift */; };
/* End PBXBuildFile section */

/* Begin PBXFileReference section */
		77AEB0F22831E5D100669CD4 /* icalories.app */ = {isa = PBXFileReference; explicitFileType = wrapper.application; includeInIndex = 0; path = icalories.app; sourceTree = BUILT_PRODUCTS_DIR; };
		77AEB0F52831E5D100669CD4 /* icaloriesApp.swift */ = {isa = PBXFileReference; lastKnownFileType = sourcecode.swift; path = icaloriesApp.swift; sourceTree = "<group>"; };
		77AEB0F72831E5D100669CD4 /* ContentView.swift */ = {isa = PBXFileReference; lastKnownFileType = sourcecode.swift; path = ContentView.swift; sourceTree = "<group>"; };
		77AEB0F92831E5D700669CD4 /* Assets.xcassets */ = {isa = PBXFileReference; lastKnownFileType = folder.assetcatalog; path = Assets.xcassets; sourceTree = "<group>"; };
		77AEB0FC2831E5D700669CD4 /* Preview Assets.xcassets */ = {isa = PBXFileReference; lastKnownFileType = folder.assetcatalog; path = "Preview Assets.xcassets"; sourceTree = "<group>"; };
		77AEB1052831ECB800669CD4 /* FoodModel.xcdatamodel */ = {isa = PBXFileReference; lastKnownFileType = wrapper.xcdatamodel; path = FoodModel.xcdatamodel; sourceTree = "<group>"; };
		77AEB1092831EFF800669CD4 /* DataController.swift */ = {isa = PBXFileReference; lastKnownFileType = sourcecode.swift; path = DataController.swift; sourceTree = "<group>"; };
		77AEB10E2832616200669CD4 /* AddFoodView.swift */ = {isa = PBXFileReference; lastKnownFileType = sourcecode.swift; path = AddFoodView.swift; sourceTree = "<group>"; };
		77AEB110283266BB00669CD4 /* TimeFormatting.swift */ = {isa = PBXFileReference; lastKnownFileType = sourcecode.swift; path = TimeFormatting.swift; sourceTree = "<group>"; };
		77AEB11228333AB900669CD4 /* EditFoodView.swift */ = {isa = PBXFileReference; lastKnownFileType = sourcecode.swift; path = EditFoodView.swift; sourceTree = "<group>"; };
/* End PBXFileReference section */

/* Begin PBXFrameworksBuildPhase section */
		77AEB0EF2831E5D100669CD4 /* Frameworks */ = {
			isa = PBXFrameworksBuildPhase;
			buildActionMask = 2147483647;
			files = (
			);
			runOnlyForDeploymentPostprocessing = 0;
		};
/* End PBXFrameworksBuildPhase section */

/* Begin PBXGroup section */
		77AEB0E92831E5D100669CD4 = {
			isa = PBXGroup;
			children = (
				77AEB0F42831E5D100669CD4 /* icalories */,
				77AEB0F32831E5D100669CD4 /* Products */,
			);
			sourceTree = "<group>";
		};
		77AEB0F32831E5D100669CD4 /* Products */ = {
			isa = PBXGroup;
			children = (
				77AEB0F22831E5D100669CD4 /* icalories.app */,
			);
			name = Products;
			sourceTree = "<group>";
		};
		77AEB0F42831E5D100669CD4 /* icalories */ = {
			isa = PBXGroup;
			children = (
				77AEB0F52831E5D100669CD4 /* icaloriesApp.swift */,
				77AEB10D2832615100669CD4 /* Views */,
				77AEB10B2832614300669CD4 /* Helpers */,
				77AEB1032831EC9600669CD4 /* DataModel */,
				77AEB0F92831E5D700669CD4 /* Assets.xcassets */,
				77AEB0FB2831E5D700669CD4 /* Preview Content */,
			);
			path = icalories;
			sourceTree = "<group>";
		};
		77AEB0FB2831E5D700669CD4 /* Preview Content */ = {
			isa = PBXGroup;
			children = (
				77AEB0FC2831E5D700669CD4 /* Preview Assets.xcassets */,
			);
			path = "Preview Content";
			sourceTree = "<group>";
		};
		77AEB1032831EC9600669CD4 /* DataModel */ = {
			isa = PBXGroup;
			children = (
				77AEB1042831ECB800669CD4 /* FoodModel.xcdatamodeld */,
				77AEB1092831EFF800669CD4 /* DataController.swift */,
			);
			path = DataModel;
			sourceTree = "<group>";
		};
		77AEB10B2832614300669CD4 /* Helpers */ = {
			isa = PBXGroup;
			children = (
				77AEB110283266BB00669CD4 /* TimeFormatting.swift */,
			);
			path = Helpers;
			sourceTree = "<group>";
		};
		77AEB10D2832615100669CD4 /* Views */ = {
			isa = PBXGroup;
			children = (
				77AEB0F72831E5D100669CD4 /* ContentView.swift */,
				77AEB10E2832616200669CD4 /* AddFoodView.swift */,
				77AEB11228333AB900669CD4 /* EditFoodView.swift */,
			);
			path = Views;
			sourceTree = "<group>";
		};
/* End PBXGroup section */

/* Begin PBXNativeTarget section */
		77AEB0F12831E5D100669CD4 /* icalories */ = {
			isa = PBXNativeTarget;
			buildConfigurationList = 77AEB1002831E5D700669CD4 /* Build configuration list for PBXNativeTarget "icalories" */;
			buildPhases = (
				77AEB0EE2831E5D100669CD4 /* Sources */,
				77AEB0EF2831E5D100669CD4 /* Frameworks */,
				77AEB0F02831E5D100669CD4 /* Resources */,
			);
			buildRules = (
			);
			dependencies = (
			);
			name = icalories;
			productName = icalories;
			productReference = 77AEB0F22831E5D100669CD4 /* icalories.app */;
			productType = "com.apple.product-type.application";
		};
/* End PBXNativeTarget section */

/* Begin PBXProject section */
		77AEB0EA2831E5D100669CD4 /* Project object */ = {
			isa = PBXProject;
			attributes = {
				BuildIndependentTargetsInParallel = 1;
				LastSwiftUpdateCheck = 1330;
				LastUpgradeCheck = 1330;
				TargetAttributes = {
					77AEB0F12831E5D100669CD4 = {
						CreatedOnToolsVersion = 13.3;
					};
				};
			};
			buildConfigurationList = 77AEB0ED2831E5D100669CD4 /* Build configuration list for PBXProject "icalories" */;
			compatibilityVersion = "Xcode 13.0";
			developmentRegion = en;
			hasScannedForEncodings = 0;
			knownRegions = (
				en,
				Base,
			);
			mainGroup = 77AEB0E92831E5D100669CD4;
			productRefGroup = 77AEB0F32831E5D100669CD4 /* Products */;
			projectDirPath = "";
			projectRoot = "";
			targets = (
				77AEB0F12831E5D100669CD4 /* icalories */,
			);
		};
/* End PBXProject section */

/* Begin PBXResourcesBuildPhase section */
		77AEB0F02831E5D100669CD4 /* Resources */ = {
			isa = PBXResourcesBuildPhase;
			buildActionMask = 2147483647;
			files = (
				77AEB0FD2831E5D700669CD4 /* Preview Assets.xcassets in Resources */,
				77AEB0FA2831E5D700669CD4 /* Assets.xcassets in Resources */,
			);
			runOnlyForDeploymentPostprocessing = 0;
		};
/* End PBXResourcesBuildPhase section */

/* Begin PBXSourcesBuildPhase section */
		77AEB0EE2831E5D100669CD4 /* Sources */ = {
			isa = PBXSourcesBuildPhase;
			buildActionMask = 2147483647;
			files = (
				77AEB10F2832616200669CD4 /* AddFoodView.swift in Sources */,
				77AEB0F82831E5D100669CD4 /* ContentView.swift in Sources */,
				77AEB10A2831EFF800669CD4 /* DataController.swift in Sources */,
				77AEB0F62831E5D100669CD4 /* icaloriesApp.swift in Sources */,
				77AEB1062831ECB800669CD4 /* FoodModel.xcdatamodeld in Sources */,
				77AEB11328333AB900669CD4 /* EditFoodView.swift in Sources */,
				77AEB111283266BB00669CD4 /* TimeFormatting.swift in Sources */,
			);
			runOnlyForDeploymentPostprocessing = 0;
		};
/* End PBXSourcesBuildPhase section */

/* Begin XCBuildConfiguration section */
		77AEB0FE2831E5D700669CD4 /* Debug */ = {
			isa = XCBuildConfiguration;
			buildSettings = {
				ALWAYS_SEARCH_USER_PATHS = NO;
				CLANG_ANALYZER_NONNULL = YES;
				CLANG_ANALYZER_NUMBER_OBJECT_CONVERSION = YES_AGGRESSIVE;
				CLANG_CXX_LANGUAGE_STANDARD = "gnu++17";
				CLANG_ENABLE_MODULES = YES;
				CLANG_ENABLE_OBJC_ARC = YES;
				CLANG_ENABLE_OBJC_WEAK = YES;
				CLANG_WARN_BLOCK_CAPTURE_AUTORELEASING = YES;
				CLANG_WARN_BOOL_CONVERSION = YES;
				CLANG_WARN_COMMA = YES;
				CLANG_WARN_CONSTANT_CONVERSION = YES;
				CLANG_WARN_DEPRECATED_OBJC_IMPLEMENTATIONS = YES;
				CLANG_WARN_DIRECT_OBJC_ISA_USAGE = YES_ERROR;
				CLANG_WARN_DOCUMENTATION_COMMENTS = YES;
				CLANG_WARN_EMPTY_BODY = YES;
				CLANG_WARN_ENUM_CONVERSION = YES;
				CLANG_WARN_INFINITE_RECURSION = YES;
				CLANG_WARN_INT_CONVERSION = YES;
				CLANG_WARN_NON_LITERAL_NULL_CONVERSION = YES;
				CLANG_WARN_OBJC_IMPLICIT_RETAIN_SELF = YES;
				CLANG_WARN_OBJC_LITERAL_CONVERSION = YES;
				CLANG_WARN_OBJC_ROOT_CLASS = YES_ERROR;
				CLANG_WARN_QUOTED_INCLUDE_IN_FRAMEWORK_HEADER = YES;
				CLANG_WARN_RANGE_LOOP_ANALYSIS = YES;
				CLANG_WARN_STRICT_PROTOTYPES = YES;
				CLANG_WARN_SUSPICIOUS_MOVE = YES;
				CLANG_WARN_UNGUARDED_AVAILABILITY = YES_AGGRESSIVE;
				CLANG_WARN_UNREACHABLE_CODE = YES;
				CLANG_WARN__DUPLICATE_METHOD_MATCH = YES;
				COPY_PHASE_STRIP = NO;
				DEBUG_INFORMATION_FORMAT = dwarf;
				ENABLE_STRICT_OBJC_MSGSEND = YES;
				ENABLE_TESTABILITY = YES;
				GCC_C_LANGUAGE_STANDARD = gnu11;
				GCC_DYNAMIC_NO_PIC = NO;
				GCC_NO_COMMON_BLOCKS = YES;
				GCC_OPTIMIZATION_LEVEL = 0;
				GCC_PREPROCESSOR_DEFINITIONS = (
					"DEBUG=1",
					"$(inherited)",
				);
				GCC_WARN_64_TO_32_BIT_CONVERSION = YES;
				GCC_WARN_ABOUT_RETURN_TYPE = YES_ERROR;
				GCC_WARN_UNDECLARED_SELECTOR = YES;
				GCC_WARN_UNINITIALIZED_AUTOS = YES_AGGRESSIVE;
				GCC_WARN_UNUSED_FUNCTION = YES;
				GCC_WARN_UNUSED_VARIABLE = YES;
				IPHONEOS_DEPLOYMENT_TARGET = 15.4;
				MTL_ENABLE_DEBUG_INFO = INCLUDE_SOURCE;
				MTL_FAST_MATH = YES;
				ONLY_ACTIVE_ARCH = YES;
				SDKROOT = iphoneos;
				SWIFT_ACTIVE_COMPILATION_CONDITIONS = DEBUG;
				SWIFT_OPTIMIZATION_LEVEL = "-Onone";
			};
			name = Debug;
		};
		77AEB0FF2831E5D700669CD4 /* Release */ = {
			isa = XCBuildConfiguration;
			buildSettings = {
				ALWAYS_SEARCH_USER_PATHS = NO;
				CLANG_ANALYZER_NONNULL = YES;
				CLANG_ANALYZER_NUMBER_OBJECT_CONVERSION = YES_AGGRESSIVE;
				CLANG_CXX_LANGUAGE_STANDARD = "gnu++17";
				CLANG_ENABLE_MODULES = YES;
				CLANG_ENABLE_OBJC_ARC = YES;
				CLANG_ENABLE_OBJC_WEAK = YES;
				CLANG_WARN_BLOCK_CAPTURE_AUTORELEASING = YES;
				CLANG_WARN_BOOL_CONVERSION = YES;
				CLANG_WARN_COMMA = YES;
				CLANG_WARN_CONSTANT_CONVERSION = YES;
				CLANG_WARN_DEPRECATED_OBJC_IMPLEMENTATIONS = YES;
				CLANG_WARN_DIRECT_OBJC_ISA_USAGE = YES_ERROR;
				CLANG_WARN_DOCUMENTATION_COMMENTS = YES;
				CLANG_WARN_EMPTY_BODY = YES;
				CLANG_WARN_ENUM_CONVERSION = YES;
				CLANG_WARN_INFINITE_RECURSION = YES;
				CLANG_WARN_INT_CONVERSION = YES;
				CLANG_WARN_NON_LITERAL_NULL_CONVERSION = YES;
				CLANG_WARN_OBJC_IMPLICIT_RETAIN_SELF = YES;
				CLANG_WARN_OBJC_LITERAL_CONVERSION = YES;
				CLANG_WARN_OBJC_ROOT_CLASS = YES_ERROR;
				CLANG_WARN_QUOTED_INCLUDE_IN_FRAMEWORK_HEADER = YES;
				CLANG_WARN_RANGE_LOOP_ANALYSIS = YES;
				CLANG_WARN_STRICT_PROTOTYPES = YES;
				CLANG_WARN_SUSPICIOUS_MOVE = YES;
				CLANG_WARN_UNGUARDED_AVAILABILITY = YES_AGGRESSIVE;
				CLANG_WARN_UNREACHABLE_CODE = YES;
				CLANG_WARN__DUPLICATE_METHOD_MATCH = YES;
				COPY_PHASE_STRIP = NO;
				DEBUG_INFORMATION_FORMAT = "dwarf-with-dsym";
				ENABLE_NS_ASSERTIONS = NO;
				ENABLE_STRICT_OBJC_MSGSEND = YES;
				GCC_C_LANGUAGE_STANDARD = gnu11;
				GCC_NO_COMMON_BLOCKS = YES;
				GCC_WARN_64_TO_32_BIT_CONVERSION = YES;
				GCC_WARN_ABOUT_RETURN_TYPE = YES_ERROR;
				GCC_WARN_UNDECLARED_SELECTOR = YES;
				GCC_WARN_UNINITIALIZED_AUTOS = YES_AGGRESSIVE;
				GCC_WARN_UNUSED_FUNCTION = YES;
				GCC_WARN_UNUSED_VARIABLE = YES;
				IPHONEOS_DEPLOYMENT_TARGET = 15.4;
				MTL_ENABLE_DEBUG_INFO = NO;
				MTL_FAST_MATH = YES;
				SDKROOT = iphoneos;
				SWIFT_COMPILATION_MODE = wholemodule;
				SWIFT_OPTIMIZATION_LEVEL = "-O";
				VALIDATE_PRODUCT = YES;
			};
			name = Release;
		};
		77AEB1012831E5D700669CD4 /* Debug */ = {
			isa = XCBuildConfiguration;
			buildSettings = {
				ASSETCATALOG_COMPILER_APPICON_NAME = AppIcon;
				ASSETCATALOG_COMPILER_GLOBAL_ACCENT_COLOR_NAME = AccentColor;
				CODE_SIGN_STYLE = Automatic;
				CURRENT_PROJECT_VERSION = 1;
				DEVELOPMENT_ASSET_PATHS = "\"icalories/Preview Content\"";
				ENABLE_PREVIEWS = YES;
				GENERATE_INFOPLIST_FILE = YES;
				INFOPLIST_KEY_UIApplicationSceneManifest_Generation = YES;
				INFOPLIST_KEY_UIApplicationSupportsIndirectInputEvents = YES;
				INFOPLIST_KEY_UILaunchScreen_Generation = YES;
				INFOPLIST_KEY_UISupportedInterfaceOrientations_iPad = "UIInterfaceOrientationPortrait UIInterfaceOrientationPortraitUpsideDown UIInterfaceOrientationLandscapeLeft UIInterfaceOrientationLandscapeRight";
				INFOPLIST_KEY_UISupportedInterfaceOrientations_iPhone = "UIInterfaceOrientationPortrait UIInterfaceOrientationLandscapeLeft UIInterfaceOrientationLandscapeRight";
				LD_RUNPATH_SEARCH_PATHS = (
					"$(inherited)",
					"@executable_path/Frameworks",
				);
				MARKETING_VERSION = 1.0;
				PRODUCT_BUNDLE_IDENTIFIER = "com.example.apple-samplecode.icalories";
				PRODUCT_NAME = "$(TARGET_NAME)";
				SWIFT_EMIT_LOC_STRINGS = YES;
				SWIFT_VERSION = 5.0;
				TARGETED_DEVICE_FAMILY = "1,2";
			};
			name = Debug;
		};
		77AEB1022831E5D700669CD4 /* Release */ = {
			isa = XCBuildConfiguration;
			buildSettings = {
				ASSETCATALOG_COMPILER_APPICON_NAME = AppIcon;
				ASSETCATALOG_COMPILER_GLOBAL_ACCENT_COLOR_NAME = AccentColor;
				CODE_SIGN_STYLE = Automatic;
				CURRENT_PROJECT_VERSION = 1;
				DEVELOPMENT_ASSET_PATHS = "\"icalories/Preview Content\"";
				ENABLE_PREVIEWS = YES;
				GENERATE_INFOPLIST_FILE = YES;
				INFOPLIST_KEY_UIApplicationSceneManifest_Generation = YES;
				INFOPLIST_KEY_UIApplicationSupportsIndirectInputEvents = YES;
				INFOPLIST_KEY_UILaunchScreen_Generation = YES;
				INFOPLIST_KEY_UISupportedInterfaceOrientations_iPad = "UIInterfaceOrientationPortrait UIInterfaceOrientationPortraitUpsideDown UIInterfaceOrientationLandscapeLeft UIInterfaceOrientationLandscapeRight";
				INFOPLIST_KEY_UISupportedInterfaceOrientations_iPhone = "UIInterfaceOrientationPortrait UIInterfaceOrientationLandscapeLeft UIInterfaceOrientationLandscapeRight";
				LD_RUNPATH_SEARCH_PATHS = (
					"$(inherited)",
					"@executable_path/Frameworks",
				);
				MARKETING_VERSION = 1.0;
				PRODUCT_BUNDLE_IDENTIFIER = "com.example.apple-samplecode.icalories";
				PRODUCT_NAME = "$(TARGET_NAME)";
				SWIFT_EMIT_LOC_STRINGS = YES;
				SWIFT_VERSION = 5.0;
				TARGETED_DEVICE_FAMILY = "1,2";
			};
			name = Release;
		};
/* End XCBuildConfiguration section */

/* Begin XCConfigurationList section */
		77AEB0ED2831E5D100669CD4 /* Build configuration list for PBXProject "icalories" */ = {
			isa = XCConfigurationList;
			buildConfigurations = (
				77AEB0FE2831E5D700669CD4 /* Debug */,
				77AEB0FF2831E5D700669CD4 /* Release */,
			);
			defaultConfigurationIsVisible = 0;
			defaultConfigurationName = Release;
		};
		77AEB1002831E5D700669CD4 /* Build configuration list for PBXNativeTarget "icalories" */ = {
			isa = XCConfigurationList;
			buildConfigurations = (
				77AEB1012831E5D700669CD4 /* Debug */,
				77AEB1022831E5D700669CD4 /* Release */,
			);
			defaultConfigurationIsVisible = 0;
			defaultConfigurationName = Release;
		};
/* End XCConfigurationList section */

/* Begin XCVersionGroup section */
		77AEB1042831ECB800669CD4 /* FoodModel.xcdatamodeld */ = {
			isa = XCVersionGroup;
			children = (
				77AEB1052831ECB800669CD4 /* FoodModel.xcdatamodel */,
			);
			currentVersion = 77AEB1052831ECB800669CD4 /* FoodModel.xcdatamodel */;
			path = FoodModel.xcdatamodeld;
			sourceTree = "<group>";
			versionGroupType = wrapper.xcdatamodel;
		};
/* End XCVersionGroup section */
	};
	rootObject = 77AEB0EA2831E5D100669CD4 /* Project object */;
}
